
Microsoft Visual Studio Solution File, Format Version 12.00
# Visual Studio Version 16
VisualStudioVersion = 16.0.31729.503
MinimumVisualStudioVersion = 10.0.40219.1
Project("{FAE04EC0-301F-11D3-BF4B-00C04F79EFBC}") = "Mvc_okul_Veritabani", "Mvc_okul_Veritabani\Mvc_okul_Veritabani.csproj", "{70E65606-F0CA-4981-BE1D-1B73373B7556}"
EndProject
Global
	GlobalSection(SolutionConfigurationPlatforms) = preSolution
		Debug|Any CPU = Debug|Any CPU
		Release|Any CPU = Release|Any CPU
	EndGlobalSection
	GlobalSection(ProjectConfigurationPlatforms) = postSolution
		{70E65606-F0CA-4981-BE1D-1B73373B7556}.Debug|Any CPU.ActiveCfg = Debug|Any CPU
		{70E65606-F0CA-4981-BE1D-1B73373B7556}.Debug|Any CPU.Build.0 = Debug|Any CPU
		{70E65606-F0CA-4981-BE1D-1B73373B7556}.Release|Any CPU.ActiveCfg = Release|Any CPU
		{70E65606-F0CA-4981-BE1D-1B73373B7556}.Release|Any CPU.Build.0 = Release|Any CPU
	EndGlobalSection
	GlobalSection(SolutionProperties) = preSolution
		HideSolutionNode = FALSE
	EndGlobalSection
	GlobalSection(ExtensibilityGlobals) = postSolution
		SolutionGuid = {39B5E489-C14A-4E93-ABE0-CB32401BAED6}
	EndGlobalSection
EndGlobal
